
Microsoft Visual Studio Solution File, Format Version 12.00
# Visual Studio 15
VisualStudioVersion = 15.0.26124.0
MinimumVisualStudioVersion = 15.0.26124.0
Project("{FAE04EC0-301F-11D3-BF4B-00C04F79EFBC}") = "API", "API\API.csproj", "{56A77FE7-8BB0-47B8-9203-4823B20BA103}"
EndProject
Project("{FAE04EC0-301F-11D3-BF4B-00C04F79EFBC}") = "Core", "Core\Core.csproj", "{890DA66B-FAD4-492B-93F5-AE3F16C9FFDE}"
EndProject
Project("{FAE04EC0-301F-11D3-BF4B-00C04F79EFBC}") = "RecordStore.Tests", "RecordStore.Tests\RecordStore.Tests.csproj", "{C594B658-20FF-4AE2-A30D-1450AC9B75B7}"
EndProject
Global
	GlobalSection(SolutionConfigurationPlatforms) = preSolution
		Debug|Any CPU = Debug|Any CPU
		Debug|x64 = Debug|x64
		Debug|x86 = Debug|x86
		Release|Any CPU = Release|Any CPU
		Release|x64 = Release|x64
		Release|x86 = Release|x86
	EndGlobalSection
	GlobalSection(SolutionProperties) = preSolution
		HideSolutionNode = FALSE
	EndGlobalSection
	GlobalSection(ProjectConfigurationPlatforms) = postSolution
		{56A77FE7-8BB0-47B8-9203-4823B20BA103}.Debug|Any CPU.ActiveCfg = Debug|Any CPU
		{56A77FE7-8BB0-47B8-9203-4823B20BA103}.Debug|Any CPU.Build.0 = Debug|Any CPU
		{56A77FE7-8BB0-47B8-9203-4823B20BA103}.Debug|x64.ActiveCfg = Debug|Any CPU
		{56A77FE7-8BB0-47B8-9203-4823B20BA103}.Debug|x64.Build.0 = Debug|Any CPU
		{56A77FE7-8BB0-47B8-9203-4823B20BA103}.Debug|x86.ActiveCfg = Debug|Any CPU
		{56A77FE7-8BB0-47B8-9203-4823B20BA103}.Debug|x86.Build.0 = Debug|Any CPU
		{56A77FE7-8BB0-47B8-9203-4823B20BA103}.Release|Any CPU.ActiveCfg = Release|Any CPU
		{56A77FE7-8BB0-47B8-9203-4823B20BA103}.Release|Any CPU.Build.0 = Release|Any CPU
		{56A77FE7-8BB0-47B8-9203-4823B20BA103}.Release|x64.ActiveCfg = Release|Any CPU
		{56A77FE7-8BB0-47B8-9203-4823B20BA103}.Release|x64.Build.0 = Release|Any CPU
		{56A77FE7-8BB0-47B8-9203-4823B20BA103}.Release|x86.ActiveCfg = Release|Any CPU
		{56A77FE7-8BB0-47B8-9203-4823B20BA103}.Release|x86.Build.0 = Release|Any CPU
		{890DA66B-FAD4-492B-93F5-AE3F16C9FFDE}.Debug|Any CPU.ActiveCfg = Debug|Any CPU
		{890DA66B-FAD4-492B-93F5-AE3F16C9FFDE}.Debug|Any CPU.Build.0 = Debug|Any CPU
		{890DA66B-FAD4-492B-93F5-AE3F16C9FFDE}.Debug|x64.ActiveCfg = Debug|Any CPU
		{890DA66B-FAD4-492B-93F5-AE3F16C9FFDE}.Debug|x64.Build.0 = Debug|Any CPU
		{890DA66B-FAD4-492B-93F5-AE3F16C9FFDE}.Debug|x86.ActiveCfg = Debug|Any CPU
		{890DA66B-FAD4-492B-93F5-AE3F16C9FFDE}.Debug|x86.Build.0 = Debug|Any CPU
		{890DA66B-FAD4-492B-93F5-AE3F16C9FFDE}.Release|Any CPU.ActiveCfg = Release|Any CPU
		{890DA66B-FAD4-492B-93F5-AE3F16C9FFDE}.Release|Any CPU.Build.0 = Release|Any CPU
		{890DA66B-FAD4-492B-93F5-AE3F16C9FFDE}.Release|x64.ActiveCfg = Release|Any CPU
		{890DA66B-FAD4-492B-93F5-AE3F16C9FFDE}.Release|x64.Build.0 = Release|Any CPU
		{890DA66B-FAD4-492B-93F5-AE3F16C9FFDE}.Release|x86.ActiveCfg = Release|Any CPU
		{890DA66B-FAD4-492B-93F5-AE3F16C9FFDE}.Release|x86.Build.0 = Release|Any CPU
		{C594B658-20FF-4AE2-A30D-1450AC9B75B7}.Debug|Any CPU.ActiveCfg = Debug|Any CPU
		{C594B658-20FF-4AE2-A30D-1450AC9B75B7}.Debug|Any CPU.Build.0 = Debug|Any CPU
		{C594B658-20FF-4AE2-A30D-1450AC9B75B7}.Debug|x64.ActiveCfg = Debug|Any CPU
		{C594B658-20FF-4AE2-A30D-1450AC9B75B7}.Debug|x64.Build.0 = Debug|Any CPU
		{C594B658-20FF-4AE2-A30D-1450AC9B75B7}.Debug|x86.ActiveCfg = Debug|Any CPU
		{C594B658-20FF-4AE2-A30D-1450AC9B75B7}.Debug|x86.Build.0 = Debug|Any CPU
		{C594B658-20FF-4AE2-A30D-1450AC9B75B7}.Release|Any CPU.ActiveCfg = Release|Any CPU
		{C594B658-20FF-4AE2-A30D-1450AC9B75B7}.Release|Any CPU.Build.0 = Release|Any CPU
		{C594B658-20FF-4AE2-A30D-1450AC9B75B7}.Release|x64.ActiveCfg = Release|Any CPU
		{C594B658-20FF-4AE2-A30D-1450AC9B75B7}.Release|x64.Build.0 = Release|Any CPU
		{C594B658-20FF-4AE2-A30D-1450AC9B75B7}.Release|x86.ActiveCfg = Release|Any CPU
		{C594B658-20FF-4AE2-A30D-1450AC9B75B7}.Release|x86.Build.0 = Release|Any CPU
	EndGlobalSection
EndGlobal
